
Microsoft Visual Studio Solution File, Format Version 12.00
# Visual Studio Version 16
VisualStudioVersion = 16.0.34301.259
MinimumVisualStudioVersion = 10.0.40219.1
Project("{FAE04EC0-301F-11D3-BF4B-00C04F79EFBC}") = "Sem2Task2", "Sem2Task2.csproj", "{42966FB2-794F-4B15-953F-485C35593E24}"
EndProject
Global
	GlobalSection(SolutionConfigurationPlatforms) = preSolution
		Debug|Any CPU = Debug|Any CPU
		Release|Any CPU = Release|Any CPU
	EndGlobalSection
	GlobalSection(ProjectConfigurationPlatforms) = postSolution
		{42966FB2-794F-4B15-953F-485C35593E24}.Debug|Any CPU.ActiveCfg = Debug|Any CPU
		{42966FB2-794F-4B15-953F-485C35593E24}.Debug|Any CPU.Build.0 = Debug|Any CPU
		{42966FB2-794F-4B15-953F-485C35593E24}.Release|Any CPU.ActiveCfg = Release|Any CPU
		{42966FB2-794F-4B15-953F-485C35593E24}.Release|Any CPU.Build.0 = Release|Any CPU
	EndGlobalSection
	GlobalSection(SolutionProperties) = preSolution
		HideSolutionNode = FALSE
	EndGlobalSection
	GlobalSection(ExtensibilityGlobals) = postSolution
		SolutionGuid = {BD87EFBC-A2AF-4C64-9BCC-7BA0265A8109}
	EndGlobalSection
EndGlobal
